{
  "name": "gawain",
  "version": "0.0.0",
  "lockfileVersion": 1,
  "requires": true,
  "dependencies": {
    "quickjs-static": {
      "version": "0.190810.3",
      "resolved": "https://registry.npmjs.org/quickjs-static/-/quickjs-static-0.190810.3.tgz",
      "integrity": "sha512-xmD4y47YjDQT9HEZhY6Aimop/C4hhrS0CSKYxrDp2q42lnBCUI7F1dXNfOnjQn2L3HchPs6oMwpAIrElif+3Mg==",
      "dev": true
    }
  }
}
