{
  "name": "gawain",
  "version": "0.0.0",
  "lockfileVersion": 1,
  "requires": true,
  "dependencies": {
    "quickjs-static": {
      "version": "0.190810.2",
      "resolved": "https://registry.npmjs.org/quickjs-static/-/quickjs-static-0.190810.2.tgz",
      "integrity": "sha512-5bayB6Eb5YIQeourm6GFbkgtE6kZgF6F4w2KjzxDt3nEbgy1IQvDCF+rbj+4kqIC2JE4W4SWMZDNxvnqZCjLDA==",
      "dev": true
    }
  }
}
